Microsoft Visual Studio Solution File, Format Version 12.00
# Visual Studio 2013
Project("{8BC9CEB8-8B4A-11D0-8D11-00A0C91BC942}") = "ALL_BUILD", "ALL_BUILD.vcxproj", "{3A40E921-20E4-34E1-938F-22E0E4FA6782}"
	ProjectSection(ProjectDependencies) = postProject
		{3EF9D222-64B1-3329-B7B8-BD5C2AF4096F} = {3EF9D222-64B1-3329-B7B8-BD5C2AF4096F}
		{1A7F74D5-8F0B-3169-B13D-E9B4CBC65E2A} = {1A7F74D5-8F0B-3169-B13D-E9B4CBC65E2A}
		{BDFDF475-D774-355B-93B8-8C1F0C94A4F6} = {BDFDF475-D774-355B-93B8-8C1F0C94A4F6}
		{63A5D6B8-6588-36CA-9557-8D684B629CAD} = {63A5D6B8-6588-36CA-9557-8D684B629CAD}
		{C56DAB00-E57C-3891-9F68-2D34E0429DAD} = {C56DAB00-E57C-3891-9F68-2D34E0429DAD}
		{59C59979-AE8D-39B9-992E-44F73684532F} = {59C59979-AE8D-39B9-992E-44F73684532F}
		{EA0902A3-E002-3C43-8C17-97061086F762} = {EA0902A3-E002-3C43-8C17-97061086F762}
		{BFEECC18-553E-37A6-88D0-7CFCDAADEC9D} = {BFEECC18-553E-37A6-88D0-7CFCDAADEC9D}
		{F4F0C651-75BA-3903-A5E8-D71B2F062320} = {F4F0C651-75BA-3903-A5E8-D71B2F062320}
		{D4B78EF0-7AE2-390D-BD1E-FC110AB86D9F} = {D4B78EF0-7AE2-390D-BD1E-FC110AB86D9F}
		{90F7AD06-1AB3-3A47-88D4-47635367466C} = {90F7AD06-1AB3-3A47-88D4-47635367466C}
		{7184F9F8-F6D9-3542-8B75-08C918E99E76} = {7184F9F8-F6D9-3542-8B75-08C918E99E76}
		{F9D62087-E3DD-3A4B-A5EF-6D67ABD86756} = {F9D62087-E3DD-3A4B-A5EF-6D67ABD86756}
		{AD70A815-BE0E-3E2F-A13B-76541F75FD28} = {AD70A815-BE0E-3E2F-A13B-76541F75FD28}
		{F329F4C1-4D12-3456-86DC-9EC65334FB19} = {F329F4C1-4D12-3456-86DC-9EC65334FB19}
		{C0A60DA7-DCF2-3C66-92E6-BFB9EBD53DC4} = {C0A60DA7-DCF2-3C66-92E6-BFB9EBD53DC4}
		{3F7E5CC0-58A4-37E8-AAD7-1A0E996498FA} = {3F7E5CC0-58A4-37E8-AAD7-1A0E996498FA}
		{F767E70F-5702-324D-9713-AC46FE25EE20} = {F767E70F-5702-324D-9713-AC46FE25EE20}
		{827CF001-F2DE-30AE-BF8C-43DD3AFDB1D9} = {827CF001-F2DE-30AE-BF8C-43DD3AFDB1D9}
		{DD670BDB-7EA0-33D5-B7F3-7FACB912392B} = {DD670BDB-7EA0-33D5-B7F3-7FACB912392B}
		{ED9EB59D-22DD-38FA-8878-59DC839D6E78} = {ED9EB59D-22DD-38FA-8878-59DC839D6E78}
		{22F062AC-2B0F-3B99-A679-FD3F40035190} = {22F062AC-2B0F-3B99-A679-FD3F40035190}
		{2DC606C2-98C3-3944-B838-EE90FD73D097} = {2DC606C2-98C3-3944-B838-EE90FD73D097}
		{54A55D57-1AB8-30B6-B1A2-9F576AF63A33} = {54A55D57-1AB8-30B6-B1A2-9F576AF63A33}
		{5CD0DB86-E475-3B62-9C58-43D12C06A6D3} = {5CD0DB86-E475-3B62-9C58-43D12C06A6D3}
		{65F365B3-6C83-3AAB-9A88-7F1EB724232B} = {65F365B3-6C83-3AAB-9A88-7F1EB724232B}
		{8AF237D3-B086-3DA1-B089-BEE1D1720015} = {8AF237D3-B086-3DA1-B089-BEE1D1720015}
	EndProjectSection
EndProject
Project("{8BC9CEB8-8B4A-11D0-8D11-00A0C91BC942}") = "INSTALL", "INSTALL.vcxproj", "{3BAF9A4D-1D35-3497-A623-80878AED5298}"
	ProjectSection(ProjectDependencies) = postProject
		{3A40E921-20E4-34E1-938F-22E0E4FA6782} = {3A40E921-20E4-34E1-938F-22E0E4FA6782}
	EndProjectSection
EndProject
Project("{8BC9CEB8-8B4A-11D0-8D11-00A0C91BC942}") = "ZERO_CHECK", "ZERO_CHECK.vcxproj", "{3EF9D222-64B1-3329-B7B8-BD5C2AF4096F}"
	ProjectSection(ProjectDependencies) = postProject
	EndProjectSection
EndProject
Project("{8BC9CEB8-8B4A-11D0-8D11-00A0C91BC942}") = "boing", "examples\boing.vcxproj", "{1A7F74D5-8F0B-3169-B13D-E9B4CBC65E2A}"
	ProjectSection(ProjectDependencies) = postProject
		{3EF9D222-64B1-3329-B7B8-BD5C2AF4096F} = {3EF9D222-64B1-3329-B7B8-BD5C2AF4096F}
		{F4F0C651-75BA-3903-A5E8-D71B2F062320} = {F4F0C651-75BA-3903-A5E8-D71B2F062320}
	EndProjectSection
EndProject
Project("{8BC9CEB8-8B4A-11D0-8D11-00A0C91BC942}") = "clipboard", "tests\clipboard.vcxproj", "{BDFDF475-D774-355B-93B8-8C1F0C94A4F6}"
	ProjectSection(ProjectDependencies) = postProject
		{3EF9D222-64B1-3329-B7B8-BD5C2AF4096F} = {3EF9D222-64B1-3329-B7B8-BD5C2AF4096F}
		{F4F0C651-75BA-3903-A5E8-D71B2F062320} = {F4F0C651-75BA-3903-A5E8-D71B2F062320}
	EndProjectSection
EndProject
Project("{8BC9CEB8-8B4A-11D0-8D11-00A0C91BC942}") = "cursor", "tests\cursor.vcxproj", "{63A5D6B8-6588-36CA-9557-8D684B629CAD}"
	ProjectSection(ProjectDependencies) = postProject
		{3EF9D222-64B1-3329-B7B8-BD5C2AF4096F} = {3EF9D222-64B1-3329-B7B8-BD5C2AF4096F}
		{F4F0C651-75BA-3903-A5E8-D71B2F062320} = {F4F0C651-75BA-3903-A5E8-D71B2F062320}
	EndProjectSection
EndProject
Project("{8BC9CEB8-8B4A-11D0-8D11-00A0C91BC942}") = "empty", "tests\empty.vcxproj", "{C56DAB00-E57C-3891-9F68-2D34E0429DAD}"
	ProjectSection(ProjectDependencies) = postProject
		{3EF9D222-64B1-3329-B7B8-BD5C2AF4096F} = {3EF9D222-64B1-3329-B7B8-BD5C2AF4096F}
		{F4F0C651-75BA-3903-A5E8-D71B2F062320} = {F4F0C651-75BA-3903-A5E8-D71B2F062320}
	EndProjectSection
EndProject
Project("{8BC9CEB8-8B4A-11D0-8D11-00A0C91BC942}") = "events", "tests\events.vcxproj", "{59C59979-AE8D-39B9-992E-44F73684532F}"
	ProjectSection(ProjectDependencies) = postProject
		{3EF9D222-64B1-3329-B7B8-BD5C2AF4096F} = {3EF9D222-64B1-3329-B7B8-BD5C2AF4096F}
		{F4F0C651-75BA-3903-A5E8-D71B2F062320} = {F4F0C651-75BA-3903-A5E8-D71B2F062320}
	EndProjectSection
EndProject
Project("{8BC9CEB8-8B4A-11D0-8D11-00A0C91BC942}") = "gamma", "tests\gamma.vcxproj", "{EA0902A3-E002-3C43-8C17-97061086F762}"
	ProjectSection(ProjectDependencies) = postProject
		{3EF9D222-64B1-3329-B7B8-BD5C2AF4096F} = {3EF9D222-64B1-3329-B7B8-BD5C2AF4096F}
		{F4F0C651-75BA-3903-A5E8-D71B2F062320} = {F4F0C651-75BA-3903-A5E8-D71B2F062320}
	EndProjectSection
EndProject
Project("{8BC9CEB8-8B4A-11D0-8D11-00A0C91BC942}") = "gears", "examples\gears.vcxproj", "{BFEECC18-553E-37A6-88D0-7CFCDAADEC9D}"
	ProjectSection(ProjectDependencies) = postProject
		{3EF9D222-64B1-3329-B7B8-BD5C2AF4096F} = {3EF9D222-64B1-3329-B7B8-BD5C2AF4096F}
		{F4F0C651-75BA-3903-A5E8-D71B2F062320} = {F4F0C651-75BA-3903-A5E8-D71B2F062320}
	EndProjectSection
EndProject
Project("{8BC9CEB8-8B4A-11D0-8D11-00A0C91BC942}") = "glfw", "src\glfw.vcxproj", "{F4F0C651-75BA-3903-A5E8-D71B2F062320}"
	ProjectSection(ProjectDependencies) = postProject
		{3EF9D222-64B1-3329-B7B8-BD5C2AF4096F} = {3EF9D222-64B1-3329-B7B8-BD5C2AF4096F}
	EndProjectSection
EndProject
Project("{8BC9CEB8-8B4A-11D0-8D11-00A0C91BC942}") = "glfwinfo", "tests\glfwinfo.vcxproj", "{D4B78EF0-7AE2-390D-BD1E-FC110AB86D9F}"
	ProjectSection(ProjectDependencies) = postProject
		{3EF9D222-64B1-3329-B7B8-BD5C2AF4096F} = {3EF9D222-64B1-3329-B7B8-BD5C2AF4096F}
		{F4F0C651-75BA-3903-A5E8-D71B2F062320} = {F4F0C651-75BA-3903-A5E8-D71B2F062320}
	EndProjectSection
EndProject
Project("{8BC9CEB8-8B4A-11D0-8D11-00A0C91BC942}") = "heightmap", "examples\heightmap.vcxproj", "{90F7AD06-1AB3-3A47-88D4-47635367466C}"
	ProjectSection(ProjectDependencies) = postProject
		{3EF9D222-64B1-3329-B7B8-BD5C2AF4096F} = {3EF9D222-64B1-3329-B7B8-BD5C2AF4096F}
		{F4F0C651-75BA-3903-A5E8-D71B2F062320} = {F4F0C651-75BA-3903-A5E8-D71B2F062320}
	EndProjectSection
EndProject
Project("{8BC9CEB8-8B4A-11D0-8D11-00A0C91BC942}") = "icon", "tests\icon.vcxproj", "{7184F9F8-F6D9-3542-8B75-08C918E99E76}"
	ProjectSection(ProjectDependencies) = postProject
		{3EF9D222-64B1-3329-B7B8-BD5C2AF4096F} = {3EF9D222-64B1-3329-B7B8-BD5C2AF4096F}
		{F4F0C651-75BA-3903-A5E8-D71B2F062320} = {F4F0C651-75BA-3903-A5E8-D71B2F062320}
	EndProjectSection
EndProject
Project("{8BC9CEB8-8B4A-11D0-8D11-00A0C91BC942}") = "iconify", "tests\iconify.vcxproj", "{F9D62087-E3DD-3A4B-A5EF-6D67ABD86756}"
	ProjectSection(ProjectDependencies) = postProject
		{3EF9D222-64B1-3329-B7B8-BD5C2AF4096F} = {3EF9D222-64B1-3329-B7B8-BD5C2AF4096F}
		{F4F0C651-75BA-3903-A5E8-D71B2F062320} = {F4F0C651-75BA-3903-A5E8-D71B2F062320}
	EndProjectSection
EndProject
Project("{8BC9CEB8-8B4A-11D0-8D11-00A0C91BC942}") = "joysticks", "tests\joysticks.vcxproj", "{AD70A815-BE0E-3E2F-A13B-76541F75FD28}"
	ProjectSection(ProjectDependencies) = postProject
		{3EF9D222-64B1-3329-B7B8-BD5C2AF4096F} = {3EF9D222-64B1-3329-B7B8-BD5C2AF4096F}
		{F4F0C651-75BA-3903-A5E8-D71B2F062320} = {F4F0C651-75BA-3903-A5E8-D71B2F062320}
	EndProjectSection
EndProject
Project("{8BC9CEB8-8B4A-11D0-8D11-00A0C91BC942}") = "monitors", "tests\monitors.vcxproj", "{F329F4C1-4D12-3456-86DC-9EC65334FB19}"
	ProjectSection(ProjectDependencies) = postProject
		{3EF9D222-64B1-3329-B7B8-BD5C2AF4096F} = {3EF9D222-64B1-3329-B7B8-BD5C2AF4096F}
		{F4F0C651-75BA-3903-A5E8-D71B2F062320} = {F4F0C651-75BA-3903-A5E8-D71B2F062320}
	EndProjectSection
EndProject
Project("{8BC9CEB8-8B4A-11D0-8D11-00A0C91BC942}") = "msaa", "tests\msaa.vcxproj", "{C0A60DA7-DCF2-3C66-92E6-BFB9EBD53DC4}"
	ProjectSection(ProjectDependencies) = postProject
		{3EF9D222-64B1-3329-B7B8-BD5C2AF4096F} = {3EF9D222-64B1-3329-B7B8-BD5C2AF4096F}
		{F4F0C651-75BA-3903-A5E8-D71B2F062320} = {F4F0C651-75BA-3903-A5E8-D71B2F062320}
	EndProjectSection
EndProject
Project("{8BC9CEB8-8B4A-11D0-8D11-00A0C91BC942}") = "particles", "examples\particles.vcxproj", "{3F7E5CC0-58A4-37E8-AAD7-1A0E996498FA}"
	ProjectSection(ProjectDependencies) = postProject
		{3EF9D222-64B1-3329-B7B8-BD5C2AF4096F} = {3EF9D222-64B1-3329-B7B8-BD5C2AF4096F}
		{F4F0C651-75BA-3903-A5E8-D71B2F062320} = {F4F0C651-75BA-3903-A5E8-D71B2F062320}
	EndProjectSection
EndProject
Project("{8BC9CEB8-8B4A-11D0-8D11-00A0C91BC942}") = "reopen", "tests\reopen.vcxproj", "{F767E70F-5702-324D-9713-AC46FE25EE20}"
	ProjectSection(ProjectDependencies) = postProject
		{3EF9D222-64B1-3329-B7B8-BD5C2AF4096F} = {3EF9D222-64B1-3329-B7B8-BD5C2AF4096F}
		{F4F0C651-75BA-3903-A5E8-D71B2F062320} = {F4F0C651-75BA-3903-A5E8-D71B2F062320}
	EndProjectSection
EndProject
Project("{8BC9CEB8-8B4A-11D0-8D11-00A0C91BC942}") = "sharing", "tests\sharing.vcxproj", "{827CF001-F2DE-30AE-BF8C-43DD3AFDB1D9}"
	ProjectSection(ProjectDependencies) = postProject
		{3EF9D222-64B1-3329-B7B8-BD5C2AF4096F} = {3EF9D222-64B1-3329-B7B8-BD5C2AF4096F}
		{F4F0C651-75BA-3903-A5E8-D71B2F062320} = {F4F0C651-75BA-3903-A5E8-D71B2F062320}
	EndProjectSection
EndProject
Project("{8BC9CEB8-8B4A-11D0-8D11-00A0C91BC942}") = "simple", "examples\simple.vcxproj", "{DD670BDB-7EA0-33D5-B7F3-7FACB912392B}"
	ProjectSection(ProjectDependencies) = postProject
		{3EF9D222-64B1-3329-B7B8-BD5C2AF4096F} = {3EF9D222-64B1-3329-B7B8-BD5C2AF4096F}
		{F4F0C651-75BA-3903-A5E8-D71B2F062320} = {F4F0C651-75BA-3903-A5E8-D71B2F062320}
	EndProjectSection
EndProject
Project("{8BC9CEB8-8B4A-11D0-8D11-00A0C91BC942}") = "splitview", "examples\splitview.vcxproj", "{ED9EB59D-22DD-38FA-8878-59DC839D6E78}"
	ProjectSection(ProjectDependencies) = postProject
		{3EF9D222-64B1-3329-B7B8-BD5C2AF4096F} = {3EF9D222-64B1-3329-B7B8-BD5C2AF4096F}
		{F4F0C651-75BA-3903-A5E8-D71B2F062320} = {F4F0C651-75BA-3903-A5E8-D71B2F062320}
	EndProjectSection
EndProject
Project("{8BC9CEB8-8B4A-11D0-8D11-00A0C91BC942}") = "tearing", "tests\tearing.vcxproj", "{22F062AC-2B0F-3B99-A679-FD3F40035190}"
	ProjectSection(ProjectDependencies) = postProject
		{3EF9D222-64B1-3329-B7B8-BD5C2AF4096F} = {3EF9D222-64B1-3329-B7B8-BD5C2AF4096F}
		{F4F0C651-75BA-3903-A5E8-D71B2F062320} = {F4F0C651-75BA-3903-A5E8-D71B2F062320}
	EndProjectSection
EndProject
Project("{8BC9CEB8-8B4A-11D0-8D11-00A0C91BC942}") = "threads", "tests\threads.vcxproj", "{2DC606C2-98C3-3944-B838-EE90FD73D097}"
	ProjectSection(ProjectDependencies) = postProject
		{3EF9D222-64B1-3329-B7B8-BD5C2AF4096F} = {3EF9D222-64B1-3329-B7B8-BD5C2AF4096F}
		{F4F0C651-75BA-3903-A5E8-D71B2F062320} = {F4F0C651-75BA-3903-A5E8-D71B2F062320}
	EndProjectSection
EndProject
Project("{8BC9CEB8-8B4A-11D0-8D11-00A0C91BC942}") = "timeout", "tests\timeout.vcxproj", "{54A55D57-1AB8-30B6-B1A2-9F576AF63A33}"
	ProjectSection(ProjectDependencies) = postProject
		{3EF9D222-64B1-3329-B7B8-BD5C2AF4096F} = {3EF9D222-64B1-3329-B7B8-BD5C2AF4096F}
		{F4F0C651-75BA-3903-A5E8-D71B2F062320} = {F4F0C651-75BA-3903-A5E8-D71B2F062320}
	EndProjectSection
EndProject
Project("{8BC9CEB8-8B4A-11D0-8D11-00A0C91BC942}") = "title", "tests\title.vcxproj", "{5CD0DB86-E475-3B62-9C58-43D12C06A6D3}"
	ProjectSection(ProjectDependencies) = postProject
		{3EF9D222-64B1-3329-B7B8-BD5C2AF4096F} = {3EF9D222-64B1-3329-B7B8-BD5C2AF4096F}
		{F4F0C651-75BA-3903-A5E8-D71B2F062320} = {F4F0C651-75BA-3903-A5E8-D71B2F062320}
	EndProjectSection
EndProject
Project("{8BC9CEB8-8B4A-11D0-8D11-00A0C91BC942}") = "uninstall", "uninstall.vcxproj", "{4C748FE4-D48B-358D-9527-6D0A4035C3DF}"
	ProjectSection(ProjectDependencies) = postProject
		{3EF9D222-64B1-3329-B7B8-BD5C2AF4096F} = {3EF9D222-64B1-3329-B7B8-BD5C2AF4096F}
	EndProjectSection
EndProject
Project("{8BC9CEB8-8B4A-11D0-8D11-00A0C91BC942}") = "wave", "examples\wave.vcxproj", "{65F365B3-6C83-3AAB-9A88-7F1EB724232B}"
	ProjectSection(ProjectDependencies) = postProject
		{3EF9D222-64B1-3329-B7B8-BD5C2AF4096F} = {3EF9D222-64B1-3329-B7B8-BD5C2AF4096F}
		{F4F0C651-75BA-3903-A5E8-D71B2F062320} = {F4F0C651-75BA-3903-A5E8-D71B2F062320}
	EndProjectSection
EndProject
Project("{8BC9CEB8-8B4A-11D0-8D11-00A0C91BC942}") = "windows", "tests\windows.vcxproj", "{8AF237D3-B086-3DA1-B089-BEE1D1720015}"
	ProjectSection(ProjectDependencies) = postProject
		{3EF9D222-64B1-3329-B7B8-BD5C2AF4096F} = {3EF9D222-64B1-3329-B7B8-BD5C2AF4096F}
		{F4F0C651-75BA-3903-A5E8-D71B2F062320} = {F4F0C651-75BA-3903-A5E8-D71B2F062320}
	EndProjectSection
EndProject
Project("{2150E333-8FDC-42A3-9474-1A3956D46DE8}") = "CMakePredefinedTargets", "CMakePredefinedTargets", "{804D2FAA-7181-3A43-840D-A59FCD2BE259}"
EndProject
Project("{2150E333-8FDC-42A3-9474-1A3956D46DE8}") = "GLFW3", "GLFW3", "{CAEB7A2C-522D-315E-A7BE-CA08D4EBF143}"
EndProject
Project("{2150E333-8FDC-42A3-9474-1A3956D46DE8}") = "Examples", "GLFW3\Examples", "{E005F4E2-3978-3903-9409-F7382A76B15A}"
EndProject
Project("{2150E333-8FDC-42A3-9474-1A3956D46DE8}") = "Tests", "GLFW3\Tests", "{42BF5843-AF03-3E77-81ED-572D08F0D4A3}"
EndProject
Global
	GlobalSection(SolutionConfigurationPlatforms) = preSolution
		Debug|Win32 = Debug|Win32
		Release|Win32 = Release|Win32
		MinSizeRel|Win32 = MinSizeRel|Win32
		RelWithDebInfo|Win32 = RelWithDebInfo|Win32
	EndGlobalSection
	GlobalSection(ProjectConfigurationPlatforms) = postSolution
		{3A40E921-20E4-34E1-938F-22E0E4FA6782}.Debug|Win32.ActiveCfg = Debug|Win32
		{3A40E921-20E4-34E1-938F-22E0E4FA6782}.Debug|Win32.Build.0 = Debug|Win32
		{3A40E921-20E4-34E1-938F-22E0E4FA6782}.Release|Win32.ActiveCfg = Release|Win32
		{3A40E921-20E4-34E1-938F-22E0E4FA6782}.Release|Win32.Build.0 = Release|Win32
		{3A40E921-20E4-34E1-938F-22E0E4FA6782}.MinSizeRel|Win32.ActiveCfg = MinSizeRel|Win32
		{3A40E921-20E4-34E1-938F-22E0E4FA6782}.MinSizeRel|Win32.Build.0 = MinSizeRel|Win32
		{3A40E921-20E4-34E1-938F-22E0E4FA6782}.RelWithDebInfo|Win32.ActiveCfg = RelWithDebInfo|Win32
		{3A40E921-20E4-34E1-938F-22E0E4FA6782}.RelWithDebInfo|Win32.Build.0 = RelWithDebInfo|Win32
		{3BAF9A4D-1D35-3497-A623-80878AED5298}.Debug|Win32.ActiveCfg = Debug|Win32
		{3BAF9A4D-1D35-3497-A623-80878AED5298}.Release|Win32.ActiveCfg = Release|Win32
		{3BAF9A4D-1D35-3497-A623-80878AED5298}.MinSizeRel|Win32.ActiveCfg = MinSizeRel|Win32
		{3BAF9A4D-1D35-3497-A623-80878AED5298}.RelWithDebInfo|Win32.ActiveCfg = RelWithDebInfo|Win32
		{3EF9D222-64B1-3329-B7B8-BD5C2AF4096F}.Debug|Win32.ActiveCfg = Debug|Win32
		{3EF9D222-64B1-3329-B7B8-BD5C2AF4096F}.Debug|Win32.Build.0 = Debug|Win32
		{3EF9D222-64B1-3329-B7B8-BD5C2AF4096F}.Release|Win32.ActiveCfg = Release|Win32
		{3EF9D222-64B1-3329-B7B8-BD5C2AF4096F}.Release|Win32.Build.0 = Release|Win32
		{3EF9D222-64B1-3329-B7B8-BD5C2AF4096F}.MinSizeRel|Win32.ActiveCfg = MinSizeRel|Win32
		{3EF9D222-64B1-3329-B7B8-BD5C2AF4096F}.MinSizeRel|Win32.Build.0 = MinSizeRel|Win32
		{3EF9D222-64B1-3329-B7B8-BD5C2AF4096F}.RelWithDebInfo|Win32.ActiveCfg = RelWithDebInfo|Win32
		{3EF9D222-64B1-3329-B7B8-BD5C2AF4096F}.RelWithDebInfo|Win32.Build.0 = RelWithDebInfo|Win32
		{1A7F74D5-8F0B-3169-B13D-E9B4CBC65E2A}.Debug|Win32.ActiveCfg = Debug|Win32
		{1A7F74D5-8F0B-3169-B13D-E9B4CBC65E2A}.Debug|Win32.Build.0 = Debug|Win32
		{1A7F74D5-8F0B-3169-B13D-E9B4CBC65E2A}.Release|Win32.ActiveCfg = Release|Win32
		{1A7F74D5-8F0B-3169-B13D-E9B4CBC65E2A}.Release|Win32.Build.0 = Release|Win32
		{1A7F74D5-8F0B-3169-B13D-E9B4CBC65E2A}.MinSizeRel|Win32.ActiveCfg = MinSizeRel|Win32
		{1A7F74D5-8F0B-3169-B13D-E9B4CBC65E2A}.MinSizeRel|Win32.Build.0 = MinSizeRel|Win32
		{1A7F74D5-8F0B-3169-B13D-E9B4CBC65E2A}.RelWithDebInfo|Win32.ActiveCfg = RelWithDebInfo|Win32
		{1A7F74D5-8F0B-3169-B13D-E9B4CBC65E2A}.RelWithDebInfo|Win32.Build.0 = RelWithDebInfo|Win32
		{BDFDF475-D774-355B-93B8-8C1F0C94A4F6}.Debug|Win32.ActiveCfg = Debug|Win32
		{BDFDF475-D774-355B-93B8-8C1F0C94A4F6}.Debug|Win32.Build.0 = Debug|Win32
		{BDFDF475-D774-355B-93B8-8C1F0C94A4F6}.Release|Win32.ActiveCfg = Release|Win32
		{BDFDF475-D774-355B-93B8-8C1F0C94A4F6}.Release|Win32.Build.0 = Release|Win32
		{BDFDF475-D774-355B-93B8-8C1F0C94A4F6}.MinSizeRel|Win32.ActiveCfg = MinSizeRel|Win32
		{BDFDF475-D774-355B-93B8-8C1F0C94A4F6}.MinSizeRel|Win32.Build.0 = MinSizeRel|Win32
		{BDFDF475-D774-355B-93B8-8C1F0C94A4F6}.RelWithDebInfo|Win32.ActiveCfg = RelWithDebInfo|Win32
		{BDFDF475-D774-355B-93B8-8C1F0C94A4F6}.RelWithDebInfo|Win32.Build.0 = RelWithDebInfo|Win32
		{63A5D6B8-6588-36CA-9557-8D684B629CAD}.Debug|Win32.ActiveCfg = Debug|Win32
		{63A5D6B8-6588-36CA-9557-8D684B629CAD}.Debug|Win32.Build.0 = Debug|Win32
		{63A5D6B8-6588-36CA-9557-8D684B629CAD}.Release|Win32.ActiveCfg = Release|Win32
		{63A5D6B8-6588-36CA-9557-8D684B629CAD}.Release|Win32.Build.0 = Release|Win32
		{63A5D6B8-6588-36CA-9557-8D684B629CAD}.MinSizeRel|Win32.ActiveCfg = MinSizeRel|Win32
		{63A5D6B8-6588-36CA-9557-8D684B629CAD}.MinSizeRel|Win32.Build.0 = MinSizeRel|Win32
		{63A5D6B8-6588-36CA-9557-8D684B629CAD}.RelWithDebInfo|Win32.ActiveCfg = RelWithDebInfo|Win32
		{63A5D6B8-6588-36CA-9557-8D684B629CAD}.RelWithDebInfo|Win32.Build.0 = RelWithDebInfo|Win32
		{C56DAB00-E57C-3891-9F68-2D34E0429DAD}.Debug|Win32.ActiveCfg = Debug|Win32
		{C56DAB00-E57C-3891-9F68-2D34E0429DAD}.Debug|Win32.Build.0 = Debug|Win32
		{C56DAB00-E57C-3891-9F68-2D34E0429DAD}.Release|Win32.ActiveCfg = Release|Win32
		{C56DAB00-E57C-3891-9F68-2D34E0429DAD}.Release|Win32.Build.0 = Release|Win32
		{C56DAB00-E57C-3891-9F68-2D34E0429DAD}.MinSizeRel|Win32.ActiveCfg = MinSizeRel|Win32
		{C56DAB00-E57C-3891-9F68-2D34E0429DAD}.MinSizeRel|Win32.Build.0 = MinSizeRel|Win32
		{C56DAB00-E57C-3891-9F68-2D34E0429DAD}.RelWithDebInfo|Win32.ActiveCfg = RelWithDebInfo|Win32
		{C56DAB00-E57C-3891-9F68-2D34E0429DAD}.RelWithDebInfo|Win32.Build.0 = RelWithDebInfo|Win32
		{59C59979-AE8D-39B9-992E-44F73684532F}.Debug|Win32.ActiveCfg = Debug|Win32
		{59C59979-AE8D-39B9-992E-44F73684532F}.Debug|Win32.Build.0 = Debug|Win32
		{59C59979-AE8D-39B9-992E-44F73684532F}.Release|Win32.ActiveCfg = Release|Win32
		{59C59979-AE8D-39B9-992E-44F73684532F}.Release|Win32.Build.0 = Release|Win32
		{59C59979-AE8D-39B9-992E-44F73684532F}.MinSizeRel|Win32.ActiveCfg = MinSizeRel|Win32
		{59C59979-AE8D-39B9-992E-44F73684532F}.MinSizeRel|Win32.Build.0 = MinSizeRel|Win32
		{59C59979-AE8D-39B9-992E-44F73684532F}.RelWithDebInfo|Win32.ActiveCfg = RelWithDebInfo|Win32
		{59C59979-AE8D-39B9-992E-44F73684532F}.RelWithDebInfo|Win32.Build.0 = RelWithDebInfo|Win32
		{EA0902A3-E002-3C43-8C17-97061086F762}.Debug|Win32.ActiveCfg = Debug|Win32
		{EA0902A3-E002-3C43-8C17-97061086F762}.Debug|Win32.Build.0 = Debug|Win32
		{EA0902A3-E002-3C43-8C17-97061086F762}.Release|Win32.ActiveCfg = Release|Win32
		{EA0902A3-E002-3C43-8C17-97061086F762}.Release|Win32.Build.0 = Release|Win32
		{EA0902A3-E002-3C43-8C17-97061086F762}.MinSizeRel|Win32.ActiveCfg = MinSizeRel|Win32
		{EA0902A3-E002-3C43-8C17-97061086F762}.MinSizeRel|Win32.Build.0 = MinSizeRel|Win32
		{EA0902A3-E002-3C43-8C17-97061086F762}.RelWithDebInfo|Win32.ActiveCfg = RelWithDebInfo|Win32
		{EA0902A3-E002-3C43-8C17-97061086F762}.RelWithDebInfo|Win32.Build.0 = RelWithDebInfo|Win32
		{BFEECC18-553E-37A6-88D0-7CFCDAADEC9D}.Debug|Win32.ActiveCfg = Debug|Win32
		{BFEECC18-553E-37A6-88D0-7CFCDAADEC9D}.Debug|Win32.Build.0 = Debug|Win32
		{BFEECC18-553E-37A6-88D0-7CFCDAADEC9D}.Release|Win32.ActiveCfg = Release|Win32
		{BFEECC18-553E-37A6-88D0-7CFCDAADEC9D}.Release|Win32.Build.0 = Release|Win32
		{BFEECC18-553E-37A6-88D0-7CFCDAADEC9D}.MinSizeRel|Win32.ActiveCfg = MinSizeRel|Win32
		{BFEECC18-553E-37A6-88D0-7CFCDAADEC9D}.MinSizeRel|Win32.Build.0 = MinSizeRel|Win32
		{BFEECC18-553E-37A6-88D0-7CFCDAADEC9D}.RelWithDebInfo|Win32.ActiveCfg = RelWithDebInfo|Win32
		{BFEECC18-553E-37A6-88D0-7CFCDAADEC9D}.RelWithDebInfo|Win32.Build.0 = RelWithDebInfo|Win32
		{F4F0C651-75BA-3903-A5E8-D71B2F062320}.Debug|Win32.ActiveCfg = Debug|Win32
		{F4F0C651-75BA-3903-A5E8-D71B2F062320}.Debug|Win32.Build.0 = Debug|Win32
		{F4F0C651-75BA-3903-A5E8-D71B2F062320}.Release|Win32.ActiveCfg = Release|Win32
		{F4F0C651-75BA-3903-A5E8-D71B2F062320}.Release|Win32.Build.0 = Release|Win32
		{F4F0C651-75BA-3903-A5E8-D71B2F062320}.MinSizeRel|Win32.ActiveCfg = MinSizeRel|Win32
		{F4F0C651-75BA-3903-A5E8-D71B2F062320}.MinSizeRel|Win32.Build.0 = MinSizeRel|Win32
		{F4F0C651-75BA-3903-A5E8-D71B2F062320}.RelWithDebInfo|Win32.ActiveCfg = RelWithDebInfo|Win32
		{F4F0C651-75BA-3903-A5E8-D71B2F062320}.RelWithDebInfo|Win32.Build.0 = RelWithDebInfo|Win32
		{D4B78EF0-7AE2-390D-BD1E-FC110AB86D9F}.Debug|Win32.ActiveCfg = Debug|Win32
		{D4B78EF0-7AE2-390D-BD1E-FC110AB86D9F}.Debug|Win32.Build.0 = Debug|Win32
		{D4B78EF0-7AE2-390D-BD1E-FC110AB86D9F}.Release|Win32.ActiveCfg = Release|Win32
		{D4B78EF0-7AE2-390D-BD1E-FC110AB86D9F}.Release|Win32.Build.0 = Release|Win32
		{D4B78EF0-7AE2-390D-BD1E-FC110AB86D9F}.MinSizeRel|Win32.ActiveCfg = MinSizeRel|Win32
		{D4B78EF0-7AE2-390D-BD1E-FC110AB86D9F}.MinSizeRel|Win32.Build.0 = MinSizeRel|Win32
		{D4B78EF0-7AE2-390D-BD1E-FC110AB86D9F}.RelWithDebInfo|Win32.ActiveCfg = RelWithDebInfo|Win32
		{D4B78EF0-7AE2-390D-BD1E-FC110AB86D9F}.RelWithDebInfo|Win32.Build.0 = RelWithDebInfo|Win32
		{90F7AD06-1AB3-3A47-88D4-47635367466C}.Debug|Win32.ActiveCfg = Debug|Win32
		{90F7AD06-1AB3-3A47-88D4-47635367466C}.Debug|Win32.Build.0 = Debug|Win32
		{90F7AD06-1AB3-3A47-88D4-47635367466C}.Release|Win32.ActiveCfg = Release|Win32
		{90F7AD06-1AB3-3A47-88D4-47635367466C}.Release|Win32.Build.0 = Release|Win32
		{90F7AD06-1AB3-3A47-88D4-47635367466C}.MinSizeRel|Win32.ActiveCfg = MinSizeRel|Win32
		{90F7AD06-1AB3-3A47-88D4-47635367466C}.MinSizeRel|Win32.Build.0 = MinSizeRel|Win32
		{90F7AD06-1AB3-3A47-88D4-47635367466C}.RelWithDebInfo|Win32.ActiveCfg = RelWithDebInfo|Win32
		{90F7AD06-1AB3-3A47-88D4-47635367466C}.RelWithDebInfo|Win32.Build.0 = RelWithDebInfo|Win32
		{7184F9F8-F6D9-3542-8B75-08C918E99E76}.Debug|Win32.ActiveCfg = Debug|Win32
		{7184F9F8-F6D9-3542-8B75-08C918E99E76}.Debug|Win32.Build.0 = Debug|Win32
		{7184F9F8-F6D9-3542-8B75-08C918E99E76}.Release|Win32.ActiveCfg = Release|Win32
		{7184F9F8-F6D9-3542-8B75-08C918E99E76}.Release|Win32.Build.0 = Release|Win32
		{7184F9F8-F6D9-3542-8B75-08C918E99E76}.MinSizeRel|Win32.ActiveCfg = MinSizeRel|Win32
		{7184F9F8-F6D9-3542-8B75-08C918E99E76}.MinSizeRel|Win32.Build.0 = MinSizeRel|Win32
		{7184F9F8-F6D9-3542-8B75-08C918E99E76}.RelWithDebInfo|Win32.ActiveCfg = RelWithDebInfo|Win32
		{7184F9F8-F6D9-3542-8B75-08C918E99E76}.RelWithDebInfo|Win32.Build.0 = RelWithDebInfo|Win32
		{F9D62087-E3DD-3A4B-A5EF-6D67ABD86756}.Debug|Win32.ActiveCfg = Debug|Win32
		{F9D62087-E3DD-3A4B-A5EF-6D67ABD86756}.Debug|Win32.Build.0 = Debug|Win32
		{F9D62087-E3DD-3A4B-A5EF-6D67ABD86756}.Release|Win32.ActiveCfg = Release|Win32
		{F9D62087-E3DD-3A4B-A5EF-6D67ABD86756}.Release|Win32.Build.0 = Release|Win32
		{F9D62087-E3DD-3A4B-A5EF-6D67ABD86756}.MinSizeRel|Win32.ActiveCfg = MinSizeRel|Win32
		{F9D62087-E3DD-3A4B-A5EF-6D67ABD86756}.MinSizeRel|Win32.Build.0 = MinSizeRel|Win32
		{F9D62087-E3DD-3A4B-A5EF-6D67ABD86756}.RelWithDebInfo|Win32.ActiveCfg = RelWithDebInfo|Win32
		{F9D62087-E3DD-3A4B-A5EF-6D67ABD86756}.RelWithDebInfo|Win32.Build.0 = RelWithDebInfo|Win32
		{AD70A815-BE0E-3E2F-A13B-76541F75FD28}.Debug|Win32.ActiveCfg = Debug|Win32
		{AD70A815-BE0E-3E2F-A13B-76541F75FD28}.Debug|Win32.Build.0 = Debug|Win32
		{AD70A815-BE0E-3E2F-A13B-76541F75FD28}.Release|Win32.ActiveCfg = Release|Win32
		{AD70A815-BE0E-3E2F-A13B-76541F75FD28}.Release|Win32.Build.0 = Release|Win32
		{AD70A815-BE0E-3E2F-A13B-76541F75FD28}.MinSizeRel|Win32.ActiveCfg = MinSizeRel|Win32
		{AD70A815-BE0E-3E2F-A13B-76541F75FD28}.MinSizeRel|Win32.Build.0 = MinSizeRel|Win32
		{AD70A815-BE0E-3E2F-A13B-76541F75FD28}.RelWithDebInfo|Win32.ActiveCfg = RelWithDebInfo|Win32
		{AD70A815-BE0E-3E2F-A13B-76541F75FD28}.RelWithDebInfo|Win32.Build.0 = RelWithDebInfo|Win32
		{F329F4C1-4D12-3456-86DC-9EC65334FB19}.Debug|Win32.ActiveCfg = Debug|Win32
		{F329F4C1-4D12-3456-86DC-9EC65334FB19}.Debug|Win32.Build.0 = Debug|Win32
		{F329F4C1-4D12-3456-86DC-9EC65334FB19}.Release|Win32.ActiveCfg = Release|Win32
		{F329F4C1-4D12-3456-86DC-9EC65334FB19}.Release|Win32.Build.0 = Release|Win32
		{F329F4C1-4D12-3456-86DC-9EC65334FB19}.MinSizeRel|Win32.ActiveCfg = MinSizeRel|Win32
		{F329F4C1-4D12-3456-86DC-9EC65334FB19}.MinSizeRel|Win32.Build.0 = MinSizeRel|Win32
		{F329F4C1-4D12-3456-86DC-9EC65334FB19}.RelWithDebInfo|Win32.ActiveCfg = RelWithDebInfo|Win32
		{F329F4C1-4D12-3456-86DC-9EC65334FB19}.RelWithDebInfo|Win32.Build.0 = RelWithDebInfo|Win32
		{C0A60DA7-DCF2-3C66-92E6-BFB9EBD53DC4}.Debug|Win32.ActiveCfg = Debug|Win32
		{C0A60DA7-DCF2-3C66-92E6-BFB9EBD53DC4}.Debug|Win32.Build.0 = Debug|Win32
		{C0A60DA7-DCF2-3C66-92E6-BFB9EBD53DC4}.Release|Win32.ActiveCfg = Release|Win32
		{C0A60DA7-DCF2-3C66-92E6-BFB9EBD53DC4}.Release|Win32.Build.0 = Release|Win32
		{C0A60DA7-DCF2-3C66-92E6-BFB9EBD53DC4}.MinSizeRel|Win32.ActiveCfg = MinSizeRel|Win32
		{C0A60DA7-DCF2-3C66-92E6-BFB9EBD53DC4}.MinSizeRel|Win32.Build.0 = MinSizeRel|Win32
		{C0A60DA7-DCF2-3C66-92E6-BFB9EBD53DC4}.RelWithDebInfo|Win32.ActiveCfg = RelWithDebInfo|Win32
		{C0A60DA7-DCF2-3C66-92E6-BFB9EBD53DC4}.RelWithDebInfo|Win32.Build.0 = RelWithDebInfo|Win32
		{3F7E5CC0-58A4-37E8-AAD7-1A0E996498FA}.Debug|Win32.ActiveCfg = Debug|Win32
		{3F7E5CC0-58A4-37E8-AAD7-1A0E996498FA}.Debug|Win32.Build.0 = Debug|Win32
		{3F7E5CC0-58A4-37E8-AAD7-1A0E996498FA}.Release|Win32.ActiveCfg = Release|Win32
		{3F7E5CC0-58A4-37E8-AAD7-1A0E996498FA}.Release|Win32.Build.0 = Release|Win32
		{3F7E5CC0-58A4-37E8-AAD7-1A0E996498FA}.MinSizeRel|Win32.ActiveCfg = MinSizeRel|Win32
		{3F7E5CC0-58A4-37E8-AAD7-1A0E996498FA}.MinSizeRel|Win32.Build.0 = MinSizeRel|Win32
		{3F7E5CC0-58A4-37E8-AAD7-1A0E996498FA}.RelWithDebInfo|Win32.ActiveCfg = RelWithDebInfo|Win32
		{3F7E5CC0-58A4-37E8-AAD7-1A0E996498FA}.RelWithDebInfo|Win32.Build.0 = RelWithDebInfo|Win32
		{F767E70F-5702-324D-9713-AC46FE25EE20}.Debug|Win32.ActiveCfg = Debug|Win32
		{F767E70F-5702-324D-9713-AC46FE25EE20}.Debug|Win32.Build.0 = Debug|Win32
		{F767E70F-5702-324D-9713-AC46FE25EE20}.Release|Win32.ActiveCfg = Release|Win32
		{F767E70F-5702-324D-9713-AC46FE25EE20}.Release|Win32.Build.0 = Release|Win32
		{F767E70F-5702-324D-9713-AC46FE25EE20}.MinSizeRel|Win32.ActiveCfg = MinSizeRel|Win32
		{F767E70F-5702-324D-9713-AC46FE25EE20}.MinSizeRel|Win32.Build.0 = MinSizeRel|Win32
		{F767E70F-5702-324D-9713-AC46FE25EE20}.RelWithDebInfo|Win32.ActiveCfg = RelWithDebInfo|Win32
		{F767E70F-5702-324D-9713-AC46FE25EE20}.RelWithDebInfo|Win32.Build.0 = RelWithDebInfo|Win32
		{827CF001-F2DE-30AE-BF8C-43DD3AFDB1D9}.Debug|Win32.ActiveCfg = Debug|Win32
		{827CF001-F2DE-30AE-BF8C-43DD3AFDB1D9}.Debug|Win32.Build.0 = Debug|Win32
		{827CF001-F2DE-30AE-BF8C-43DD3AFDB1D9}.Release|Win32.ActiveCfg = Release|Win32
		{827CF001-F2DE-30AE-BF8C-43DD3AFDB1D9}.Release|Win32.Build.0 = Release|Win32
		{827CF001-F2DE-30AE-BF8C-43DD3AFDB1D9}.MinSizeRel|Win32.ActiveCfg = MinSizeRel|Win32
		{827CF001-F2DE-30AE-BF8C-43DD3AFDB1D9}.MinSizeRel|Win32.Build.0 = MinSizeRel|Win32
		{827CF001-F2DE-30AE-BF8C-43DD3AFDB1D9}.RelWithDebInfo|Win32.ActiveCfg = RelWithDebInfo|Win32
		{827CF001-F2DE-30AE-BF8C-43DD3AFDB1D9}.RelWithDebInfo|Win32.Build.0 = RelWithDebInfo|Win32
		{DD670BDB-7EA0-33D5-B7F3-7FACB912392B}.Debug|Win32.ActiveCfg = Debug|Win32
		{DD670BDB-7EA0-33D5-B7F3-7FACB912392B}.Debug|Win32.Build.0 = Debug|Win32
		{DD670BDB-7EA0-33D5-B7F3-7FACB912392B}.Release|Win32.ActiveCfg = Release|Win32
		{DD670BDB-7EA0-33D5-B7F3-7FACB912392B}.Release|Win32.Build.0 = Release|Win32
		{DD670BDB-7EA0-33D5-B7F3-7FACB912392B}.MinSizeRel|Win32.ActiveCfg = MinSizeRel|Win32
		{DD670BDB-7EA0-33D5-B7F3-7FACB912392B}.MinSizeRel|Win32.Build.0 = MinSizeRel|Win32
		{DD670BDB-7EA0-33D5-B7F3-7FACB912392B}.RelWithDebInfo|Win32.ActiveCfg = RelWithDebInfo|Win32
		{DD670BDB-7EA0-33D5-B7F3-7FACB912392B}.RelWithDebInfo|Win32.Build.0 = RelWithDebInfo|Win32
		{ED9EB59D-22DD-38FA-8878-59DC839D6E78}.Debug|Win32.ActiveCfg = Debug|Win32
		{ED9EB59D-22DD-38FA-8878-59DC839D6E78}.Debug|Win32.Build.0 = Debug|Win32
		{ED9EB59D-22DD-38FA-8878-59DC839D6E78}.Release|Win32.ActiveCfg = Release|Win32
		{ED9EB59D-22DD-38FA-8878-59DC839D6E78}.Release|Win32.Build.0 = Release|Win32
		{ED9EB59D-22DD-38FA-8878-59DC839D6E78}.MinSizeRel|Win32.ActiveCfg = MinSizeRel|Win32
		{ED9EB59D-22DD-38FA-8878-59DC839D6E78}.MinSizeRel|Win32.Build.0 = MinSizeRel|Win32
		{ED9EB59D-22DD-38FA-8878-59DC839D6E78}.RelWithDebInfo|Win32.ActiveCfg = RelWithDebInfo|Win32
		{ED9EB59D-22DD-38FA-8878-59DC839D6E78}.RelWithDebInfo|Win32.Build.0 = RelWithDebInfo|Win32
		{22F062AC-2B0F-3B99-A679-FD3F40035190}.Debug|Win32.ActiveCfg = Debug|Win32
		{22F062AC-2B0F-3B99-A679-FD3F40035190}.Debug|Win32.Build.0 = Debug|Win32
		{22F062AC-2B0F-3B99-A679-FD3F40035190}.Release|Win32.ActiveCfg = Release|Win32
		{22F062AC-2B0F-3B99-A679-FD3F40035190}.Release|Win32.Build.0 = Release|Win32
		{22F062AC-2B0F-3B99-A679-FD3F40035190}.MinSizeRel|Win32.ActiveCfg = MinSizeRel|Win32
		{22F062AC-2B0F-3B99-A679-FD3F40035190}.MinSizeRel|Win32.Build.0 = MinSizeRel|Win32
		{22F062AC-2B0F-3B99-A679-FD3F40035190}.RelWithDebInfo|Win32.ActiveCfg = RelWithDebInfo|Win32
		{22F062AC-2B0F-3B99-A679-FD3F40035190}.RelWithDebInfo|Win32.Build.0 = RelWithDebInfo|Win32
		{2DC606C2-98C3-3944-B838-EE90FD73D097}.Debug|Win32.ActiveCfg = Debug|Win32
		{2DC606C2-98C3-3944-B838-EE90FD73D097}.Debug|Win32.Build.0 = Debug|Win32
		{2DC606C2-98C3-3944-B838-EE90FD73D097}.Release|Win32.ActiveCfg = Release|Win32
		{2DC606C2-98C3-3944-B838-EE90FD73D097}.Release|Win32.Build.0 = Release|Win32
		{2DC606C2-98C3-3944-B838-EE90FD73D097}.MinSizeRel|Win32.ActiveCfg = MinSizeRel|Win32
		{2DC606C2-98C3-3944-B838-EE90FD73D097}.MinSizeRel|Win32.Build.0 = MinSizeRel|Win32
		{2DC606C2-98C3-3944-B838-EE90FD73D097}.RelWithDebInfo|Win32.ActiveCfg = RelWithDebInfo|Win32
		{2DC606C2-98C3-3944-B838-EE90FD73D097}.RelWithDebInfo|Win32.Build.0 = RelWithDebInfo|Win32
		{54A55D57-1AB8-30B6-B1A2-9F576AF63A33}.Debug|Win32.ActiveCfg = Debug|Win32
		{54A55D57-1AB8-30B6-B1A2-9F576AF63A33}.Debug|Win32.Build.0 = Debug|Win32
		{54A55D57-1AB8-30B6-B1A2-9F576AF63A33}.Release|Win32.ActiveCfg = Release|Win32
		{54A55D57-1AB8-30B6-B1A2-9F576AF63A33}.Release|Win32.Build.0 = Release|Win32
		{54A55D57-1AB8-30B6-B1A2-9F576AF63A33}.MinSizeRel|Win32.ActiveCfg = MinSizeRel|Win32
		{54A55D57-1AB8-30B6-B1A2-9F576AF63A33}.MinSizeRel|Win32.Build.0 = MinSizeRel|Win32
		{54A55D57-1AB8-30B6-B1A2-9F576AF63A33}.RelWithDebInfo|Win32.ActiveCfg = RelWithDebInfo|Win32
		{54A55D57-1AB8-30B6-B1A2-9F576AF63A33}.RelWithDebInfo|Win32.Build.0 = RelWithDebInfo|Win32
		{5CD0DB86-E475-3B62-9C58-43D12C06A6D3}.Debug|Win32.ActiveCfg = Debug|Win32
		{5CD0DB86-E475-3B62-9C58-43D12C06A6D3}.Debug|Win32.Build.0 = Debug|Win32
		{5CD0DB86-E475-3B62-9C58-43D12C06A6D3}.Release|Win32.ActiveCfg = Release|Win32
		{5CD0DB86-E475-3B62-9C58-43D12C06A6D3}.Release|Win32.Build.0 = Release|Win32
		{5CD0DB86-E475-3B62-9C58-43D12C06A6D3}.MinSizeRel|Win32.ActiveCfg = MinSizeRel|Win32
		{5CD0DB86-E475-3B62-9C58-43D12C06A6D3}.MinSizeRel|Win32.Build.0 = MinSizeRel|Win32
		{5CD0DB86-E475-3B62-9C58-43D12C06A6D3}.RelWithDebInfo|Win32.ActiveCfg = RelWithDebInfo|Win32
		{5CD0DB86-E475-3B62-9C58-43D12C06A6D3}.RelWithDebInfo|Win32.Build.0 = RelWithDebInfo|Win32
		{4C748FE4-D48B-358D-9527-6D0A4035C3DF}.Debug|Win32.ActiveCfg = Debug|Win32
		{4C748FE4-D48B-358D-9527-6D0A4035C3DF}.Release|Win32.ActiveCfg = Release|Win32
		{4C748FE4-D48B-358D-9527-6D0A4035C3DF}.MinSizeRel|Win32.ActiveCfg = MinSizeRel|Win32
		{4C748FE4-D48B-358D-9527-6D0A4035C3DF}.RelWithDebInfo|Win32.ActiveCfg = RelWithDebInfo|Win32
		{65F365B3-6C83-3AAB-9A88-7F1EB724232B}.Debug|Win32.ActiveCfg = Debug|Win32
		{65F365B3-6C83-3AAB-9A88-7F1EB724232B}.Debug|Win32.Build.0 = Debug|Win32
		{65F365B3-6C83-3AAB-9A88-7F1EB724232B}.Release|Win32.ActiveCfg = Release|Win32
		{65F365B3-6C83-3AAB-9A88-7F1EB724232B}.Release|Win32.Build.0 = Release|Win32
		{65F365B3-6C83-3AAB-9A88-7F1EB724232B}.MinSizeRel|Win32.ActiveCfg = MinSizeRel|Win32
		{65F365B3-6C83-3AAB-9A88-7F1EB724232B}.MinSizeRel|Win32.Build.0 = MinSizeRel|Win32
		{65F365B3-6C83-3AAB-9A88-7F1EB724232B}.RelWithDebInfo|Win32.ActiveCfg = RelWithDebInfo|Win32
		{65F365B3-6C83-3AAB-9A88-7F1EB724232B}.RelWithDebInfo|Win32.Build.0 = RelWithDebInfo|Win32
		{8AF237D3-B086-3DA1-B089-BEE1D1720015}.Debug|Win32.ActiveCfg = Debug|Win32
		{8AF237D3-B086-3DA1-B089-BEE1D1720015}.Debug|Win32.Build.0 = Debug|Win32
		{8AF237D3-B086-3DA1-B089-BEE1D1720015}.Release|Win32.ActiveCfg = Release|Win32
		{8AF237D3-B086-3DA1-B089-BEE1D1720015}.Release|Win32.Build.0 = Release|Win32
		{8AF237D3-B086-3DA1-B089-BEE1D1720015}.MinSizeRel|Win32.ActiveCfg = MinSizeRel|Win32
		{8AF237D3-B086-3DA1-B089-BEE1D1720015}.MinSizeRel|Win32.Build.0 = MinSizeRel|Win32
		{8AF237D3-B086-3DA1-B089-BEE1D1720015}.RelWithDebInfo|Win32.ActiveCfg = RelWithDebInfo|Win32
		{8AF237D3-B086-3DA1-B089-BEE1D1720015}.RelWithDebInfo|Win32.Build.0 = RelWithDebInfo|Win32
	EndGlobalSection
	GlobalSection(NestedProjects) = preSolution
		{3BAF9A4D-1D35-3497-A623-80878AED5298} = {804D2FAA-7181-3A43-840D-A59FCD2BE259}
		{3EF9D222-64B1-3329-B7B8-BD5C2AF4096F} = {804D2FAA-7181-3A43-840D-A59FCD2BE259}
		{E005F4E2-3978-3903-9409-F7382A76B15A} = {CAEB7A2C-522D-315E-A7BE-CA08D4EBF143}
		{42BF5843-AF03-3E77-81ED-572D08F0D4A3} = {CAEB7A2C-522D-315E-A7BE-CA08D4EBF143}
		{F4F0C651-75BA-3903-A5E8-D71B2F062320} = {CAEB7A2C-522D-315E-A7BE-CA08D4EBF143}
		{1A7F74D5-8F0B-3169-B13D-E9B4CBC65E2A} = {E005F4E2-3978-3903-9409-F7382A76B15A}
		{BFEECC18-553E-37A6-88D0-7CFCDAADEC9D} = {E005F4E2-3978-3903-9409-F7382A76B15A}
		{90F7AD06-1AB3-3A47-88D4-47635367466C} = {E005F4E2-3978-3903-9409-F7382A76B15A}
		{3F7E5CC0-58A4-37E8-AAD7-1A0E996498FA} = {E005F4E2-3978-3903-9409-F7382A76B15A}
		{DD670BDB-7EA0-33D5-B7F3-7FACB912392B} = {E005F4E2-3978-3903-9409-F7382A76B15A}
		{ED9EB59D-22DD-38FA-8878-59DC839D6E78} = {E005F4E2-3978-3903-9409-F7382A76B15A}
		{65F365B3-6C83-3AAB-9A88-7F1EB724232B} = {E005F4E2-3978-3903-9409-F7382A76B15A}
		{BDFDF475-D774-355B-93B8-8C1F0C94A4F6} = {42BF5843-AF03-3E77-81ED-572D08F0D4A3}
		{63A5D6B8-6588-36CA-9557-8D684B629CAD} = {42BF5843-AF03-3E77-81ED-572D08F0D4A3}
		{C56DAB00-E57C-3891-9F68-2D34E0429DAD} = {42BF5843-AF03-3E77-81ED-572D08F0D4A3}
		{59C59979-AE8D-39B9-992E-44F73684532F} = {42BF5843-AF03-3E77-81ED-572D08F0D4A3}
		{EA0902A3-E002-3C43-8C17-97061086F762} = {42BF5843-AF03-3E77-81ED-572D08F0D4A3}
		{D4B78EF0-7AE2-390D-BD1E-FC110AB86D9F} = {42BF5843-AF03-3E77-81ED-572D08F0D4A3}
		{7184F9F8-F6D9-3542-8B75-08C918E99E76} = {42BF5843-AF03-3E77-81ED-572D08F0D4A3}
		{F9D62087-E3DD-3A4B-A5EF-6D67ABD86756} = {42BF5843-AF03-3E77-81ED-572D08F0D4A3}
		{AD70A815-BE0E-3E2F-A13B-76541F75FD28} = {42BF5843-AF03-3E77-81ED-572D08F0D4A3}
		{F329F4C1-4D12-3456-86DC-9EC65334FB19} = {42BF5843-AF03-3E77-81ED-572D08F0D4A3}
		{C0A60DA7-DCF2-3C66-92E6-BFB9EBD53DC4} = {42BF5843-AF03-3E77-81ED-572D08F0D4A3}
		{F767E70F-5702-324D-9713-AC46FE25EE20} = {42BF5843-AF03-3E77-81ED-572D08F0D4A3}
		{827CF001-F2DE-30AE-BF8C-43DD3AFDB1D9} = {42BF5843-AF03-3E77-81ED-572D08F0D4A3}
		{22F062AC-2B0F-3B99-A679-FD3F40035190} = {42BF5843-AF03-3E77-81ED-572D08F0D4A3}
		{2DC606C2-98C3-3944-B838-EE90FD73D097} = {42BF5843-AF03-3E77-81ED-572D08F0D4A3}
		{54A55D57-1AB8-30B6-B1A2-9F576AF63A33} = {42BF5843-AF03-3E77-81ED-572D08F0D4A3}
		{5CD0DB86-E475-3B62-9C58-43D12C06A6D3} = {42BF5843-AF03-3E77-81ED-572D08F0D4A3}
		{8AF237D3-B086-3DA1-B089-BEE1D1720015} = {42BF5843-AF03-3E77-81ED-572D08F0D4A3}
	EndGlobalSection
	GlobalSection(ExtensibilityGlobals) = postSolution
	EndGlobalSection
	GlobalSection(ExtensibilityAddIns) = postSolution
	EndGlobalSection
EndGlobal
